
Microsoft Visual Studio Solution File, Format Version 12.00
# Visual Studio Version 17
VisualStudioVersion = 17.4.33110.190
MinimumVisualStudioVersion = 10.0.40219.1
Project("{9A19103F-16F7-4668-BE54-9A1E7A4F7556}") = "Handheld Control Panel", "Handheld Control Panel.csproj", "{011B7CF4-05DF-4835-91F7-7E982F3EC71B}"
EndProject
Project("{840C416C-B8F3-42BC-B0DD-F6BB14C9F8CB}") = "Handheld Control Panel Installer", "..\Handheld Control Panel Installer\Handheld Control Panel Installer.aiproj", "{A96E4065-0608-49EA-9D98-27AF384C7A8F}"
EndProject
Global
	GlobalSection(SolutionConfigurationPlatforms) = preSolution
		All|Any CPU = All|Any CPU
		All|ARM64 = All|ARM64
		All|x64 = All|x64
		All|x86 = All|x86
		Debug|Any CPU = Debug|Any CPU
		Debug|ARM64 = Debug|ARM64
		Debug|x64 = Debug|x64
		Debug|x86 = Debug|x86
		Release|Any CPU = Release|Any CPU
		Release|ARM64 = Release|ARM64
		Release|x64 = Release|x64
		Release|x86 = Release|x86
	EndGlobalSection
	GlobalSection(ProjectConfigurationPlatforms) = postSolution
		{011B7CF4-05DF-4835-91F7-7E982F3EC71B}.All|Any CPU.ActiveCfg = Release|Any CPU
		{011B7CF4-05DF-4835-91F7-7E982F3EC71B}.All|Any CPU.Build.0 = Release|Any CPU
		{011B7CF4-05DF-4835-91F7-7E982F3EC71B}.All|ARM64.ActiveCfg = Release|Any CPU
		{011B7CF4-05DF-4835-91F7-7E982F3EC71B}.All|ARM64.Build.0 = Release|Any CPU
		{011B7CF4-05DF-4835-91F7-7E982F3EC71B}.All|x64.ActiveCfg = Release|x64
		{011B7CF4-05DF-4835-91F7-7E982F3EC71B}.All|x64.Build.0 = Release|x64
		{011B7CF4-05DF-4835-91F7-7E982F3EC71B}.All|x86.ActiveCfg = Debug|x86
		{011B7CF4-05DF-4835-91F7-7E982F3EC71B}.All|x86.Build.0 = Debug|x86
		{011B7CF4-05DF-4835-91F7-7E982F3EC71B}.Debug|Any CPU.ActiveCfg = Release|x86
		{011B7CF4-05DF-4835-91F7-7E982F3EC71B}.Debug|Any CPU.Build.0 = Release|x86
		{011B7CF4-05DF-4835-91F7-7E982F3EC71B}.Debug|ARM64.ActiveCfg = Debug|Any CPU
		{011B7CF4-05DF-4835-91F7-7E982F3EC71B}.Debug|ARM64.Build.0 = Debug|Any CPU
		{011B7CF4-05DF-4835-91F7-7E982F3EC71B}.Debug|x64.ActiveCfg = Debug|x64
		{011B7CF4-05DF-4835-91F7-7E982F3EC71B}.Debug|x64.Build.0 = Debug|x64
		{011B7CF4-05DF-4835-91F7-7E982F3EC71B}.Debug|x86.ActiveCfg = Debug|x86
		{011B7CF4-05DF-4835-91F7-7E982F3EC71B}.Debug|x86.Build.0 = Debug|x86
		{011B7CF4-05DF-4835-91F7-7E982F3EC71B}.Release|Any CPU.ActiveCfg = Release|Any CPU
		{011B7CF4-05DF-4835-91F7-7E982F3EC71B}.Release|Any CPU.Build.0 = Release|Any CPU
		{011B7CF4-05DF-4835-91F7-7E982F3EC71B}.Release|ARM64.ActiveCfg = Release|Any CPU
		{011B7CF4-05DF-4835-91F7-7E982F3EC71B}.Release|ARM64.Build.0 = Release|Any CPU
		{011B7CF4-05DF-4835-91F7-7E982F3EC71B}.Release|x64.ActiveCfg = Release|x64
		{011B7CF4-05DF-4835-91F7-7E982F3EC71B}.Release|x64.Build.0 = Release|x64
		{011B7CF4-05DF-4835-91F7-7E982F3EC71B}.Release|x86.ActiveCfg = Release|x86
		{011B7CF4-05DF-4835-91F7-7E982F3EC71B}.Release|x86.Build.0 = Release|x86
		{A96E4065-0608-49EA-9D98-27AF384C7A8F}.All|Any CPU.ActiveCfg = All
		{A96E4065-0608-49EA-9D98-27AF384C7A8F}.All|Any CPU.Build.0 = All
		{A96E4065-0608-49EA-9D98-27AF384C7A8F}.All|ARM64.ActiveCfg = All
		{A96E4065-0608-49EA-9D98-27AF384C7A8F}.All|ARM64.Build.0 = All
		{A96E4065-0608-49EA-9D98-27AF384C7A8F}.All|x64.ActiveCfg = All
		{A96E4065-0608-49EA-9D98-27AF384C7A8F}.All|x64.Build.0 = All
		{A96E4065-0608-49EA-9D98-27AF384C7A8F}.All|x86.ActiveCfg = All
		{A96E4065-0608-49EA-9D98-27AF384C7A8F}.All|x86.Build.0 = All
		{A96E4065-0608-49EA-9D98-27AF384C7A8F}.Debug|Any CPU.ActiveCfg = All
		{A96E4065-0608-49EA-9D98-27AF384C7A8F}.Debug|Any CPU.Build.0 = All
		{A96E4065-0608-49EA-9D98-27AF384C7A8F}.Debug|ARM64.ActiveCfg = All
		{A96E4065-0608-49EA-9D98-27AF384C7A8F}.Debug|ARM64.Build.0 = All
		{A96E4065-0608-49EA-9D98-27AF384C7A8F}.Debug|x64.ActiveCfg = All
		{A96E4065-0608-49EA-9D98-27AF384C7A8F}.Debug|x64.Build.0 = All
		{A96E4065-0608-49EA-9D98-27AF384C7A8F}.Debug|x86.ActiveCfg = All
		{A96E4065-0608-49EA-9D98-27AF384C7A8F}.Debug|x86.Build.0 = All
		{A96E4065-0608-49EA-9D98-27AF384C7A8F}.Release|Any CPU.ActiveCfg = All
		{A96E4065-0608-49EA-9D98-27AF384C7A8F}.Release|Any CPU.Build.0 = All
		{A96E4065-0608-49EA-9D98-27AF384C7A8F}.Release|ARM64.ActiveCfg = All
		{A96E4065-0608-49EA-9D98-27AF384C7A8F}.Release|ARM64.Build.0 = All
		{A96E4065-0608-49EA-9D98-27AF384C7A8F}.Release|x64.ActiveCfg = All
		{A96E4065-0608-49EA-9D98-27AF384C7A8F}.Release|x64.Build.0 = All
		{A96E4065-0608-49EA-9D98-27AF384C7A8F}.Release|x86.ActiveCfg = All
		{A96E4065-0608-49EA-9D98-27AF384C7A8F}.Release|x86.Build.0 = All
	EndGlobalSection
	GlobalSection(SolutionProperties) = preSolution
		HideSolutionNode = FALSE
	EndGlobalSection
	GlobalSection(ExtensibilityGlobals) = postSolution
		SolutionGuid = {395412B7-0AFB-482E-9168-0C973E7E2BD3}
	EndGlobalSection
EndGlobal
