
Microsoft Visual Studio Solution File, Format Version 12.00
# Visual Studio Version 17
VisualStudioVersion = 17.4.33110.190
MinimumVisualStudioVersion = 10.0.40219.1
Project("{FAE04EC0-301F-11D3-BF4B-00C04F79EFBC}") = "Handheld Control Panel", "Handheld Control Panel.csproj", "{011B7CF4-05DF-4835-91F7-7E982F3EC71B}"
EndProject
Global
	GlobalSection(SolutionConfigurationPlatforms) = preSolution
		Debug|Any CPU = Debug|Any CPU
		Release|Any CPU = Release|Any CPU
	EndGlobalSection
	GlobalSection(ProjectConfigurationPlatforms) = postSolution
		{011B7CF4-05DF-4835-91F7-7E982F3EC71B}.Debug|Any CPU.ActiveCfg = Debug|Any CPU
		{011B7CF4-05DF-4835-91F7-7E982F3EC71B}.Debug|Any CPU.Build.0 = Debug|Any CPU
		{011B7CF4-05DF-4835-91F7-7E982F3EC71B}.Release|Any CPU.ActiveCfg = Release|Any CPU
		{011B7CF4-05DF-4835-91F7-7E982F3EC71B}.Release|Any CPU.Build.0 = Release|Any CPU
	EndGlobalSection
	GlobalSection(SolutionProperties) = preSolution
		HideSolutionNode = FALSE
	EndGlobalSection
	GlobalSection(ExtensibilityGlobals) = postSolution
		SolutionGuid = {395412B7-0AFB-482E-9168-0C973E7E2BD3}
	EndGlobalSection
EndGlobal
